// !$*UTF8*$!
{
	archiveVersion = 1;
	classes = {
	};
	objectVersion = 46;
	objects = {

/* Begin PBXBuildFile section */
		C87E22FE1F3AA76B00EA61F2 /* AppDelegate.swift in Sources */ = {isa = PBXBuildFile; fileRef = C87E22FD1F3AA76B00EA61F2 /* AppDelegate.swift */; };
		C87E23001F3AA76B00EA61F2 /* ViewController.swift in Sources */ = {isa = PBXBuildFile; fileRef = C87E22FF1F3AA76B00EA61F2 /* ViewController.swift */; };
		C87E23031F3AA76B00EA61F2 /* Main.storyboard in Resources */ = {isa = PBXBuildFile; fileRef = C87E23011F3AA76B00EA61F2 /* Main.storyboard */; };
		C87E23051F3AA76B00EA61F2 /* Assets.xcassets in Resources */ = {isa = PBXBuildFile; fileRef = C87E23041F3AA76B00EA61F2 /* Assets.xcassets */; };
		C87E23081F3AA76B00EA61F2 /* LaunchScreen.storyboard in Resources */ = {isa = PBXBuildFile; fileRef = C87E23061F3AA76B00EA61F2 /* LaunchScreen.storyboard */; };
		C87E23131F3AA76B00EA61F2 /* TaxCaculatorTests.swift in Sources */ = {isa = PBXBuildFile; fileRef = C87E23121F3AA76B00EA61F2 /* TaxCaculatorTests.swift */; };
		C87E231E1F3AA76B00EA61F2 /* TaxCaculatorUITests.swift in Sources */ = {isa = PBXBuildFile; fileRef = C87E231D1F3AA76B00EA61F2 /* TaxCaculatorUITests.swift */; };
/* End PBXBuildFile section */

/* Begin PBXContainerItemProxy section */
		C87E230F1F3AA76B00EA61F2 /* PBXContainerItemProxy */ = {
			isa = PBXContainerItemProxy;
			containerPortal = C87E22F21F3AA76B00EA61F2 /* Project object */;
			proxyType = 1;
			remoteGlobalIDString = C87E22F91F3AA76B00EA61F2;
			remoteInfo = TaxCaculator;
		};
		C87E231A1F3AA76B00EA61F2 /* PBXContainerItemProxy */ = {
			isa = PBXContainerItemProxy;
			containerPortal = C87E22F21F3AA76B00EA61F2 /* Project object */;
			proxyType = 1;
			remoteGlobalIDString = C87E22F91F3AA76B00EA61F2;
			remoteInfo = TaxCaculator;
		};
/* End PBXContainerItemProxy section */

/* Begin PBXFileReference section */
		C87E22FA1F3AA76B00EA61F2 /* TaxCaculator.app */ = {isa = PBXFileReference; explicitFileType = wrapper.application; includeInIndex = 0; path = TaxCaculator.app; sourceTree = BUILT_PRODUCTS_DIR; };
		C87E22FD1F3AA76B00EA61F2 /* AppDelegate.swift */ = {isa = PBXFileReference; lastKnownFileType = sourcecode.swift; path = AppDelegate.swift; sourceTree = "<group>"; };
		C87E22FF1F3AA76B00EA61F2 /* ViewController.swift */ = {isa = PBXFileReference; lastKnownFileType = sourcecode.swift; path = ViewController.swift; sourceTree = "<group>"; };
		C87E23021F3AA76B00EA61F2 /* Base */ = {isa = PBXFileReference; lastKnownFileType = file.storyboard; name = Base; path = Base.lproj/Main.storyboard; sourceTree = "<group>"; };
		C87E23041F3AA76B00EA61F2 /* Assets.xcassets */ = {isa = PBXFileReference; lastKnownFileType = folder.assetcatalog; path = Assets.xcassets; sourceTree = "<group>"; };
		C87E23071F3AA76B00EA61F2 /* Base */ = {isa = PBXFileReference; lastKnownFileType = file.storyboard; name = Base; path = Base.lproj/LaunchScreen.storyboard; sourceTree = "<group>"; };
		C87E23091F3AA76B00EA61F2 /* Info.plist */ = {isa = PBXFileReference; lastKnownFileType = text.plist.xml; path = Info.plist; sourceTree = "<group>"; };
		C87E230E1F3AA76B00EA61F2 /* TaxCaculatorTests.xctest */ = {isa = PBXFileReference; explicitFileType = wrapper.cfbundle; includeInIndex = 0; path = TaxCaculatorTests.xctest; sourceTree = BUILT_PRODUCTS_DIR; };
		C87E23121F3AA76B00EA61F2 /* TaxCaculatorTests.swift */ = {isa = PBXFileReference; lastKnownFileType = sourcecode.swift; path = TaxCaculatorTests.swift; sourceTree = "<group>"; };
		C87E23141F3AA76B00EA61F2 /* Info.plist */ = {isa = PBXFileReference; lastKnownFileType = text.plist.xml; path = Info.plist; sourceTree = "<group>"; };
		C87E23191F3AA76B00EA61F2 /* TaxCaculatorUITests.xctest */ = {isa = PBXFileReference; explicitFileType = wrapper.cfbundle; includeInIndex = 0; path = TaxCaculatorUITests.xctest; sourceTree = BUILT_PRODUCTS_DIR; };
		C87E231D1F3AA76B00EA61F2 /* TaxCaculatorUITests.swift */ = {isa = PBXFileReference; lastKnownFileType = sourcecode.swift; path = TaxCaculatorUITests.swift; sourceTree = "<group>"; };
		C87E231F1F3AA76B00EA61F2 /* Info.plist */ = {isa = PBXFileReference; lastKnownFileType = text.plist.xml; path = Info.plist; sourceTree = "<group>"; };
/* End PBXFileReference section */

/* Begin PBXFrameworksBuildPhase section */
		C87E22F71F3AA76B00EA61F2 /* Frameworks */ = {
			isa = PBXFrameworksBuildPhase;
			buildActionMask = 2147483647;
			files = (
			);
			runOnlyForDeploymentPostprocessing = 0;
		};
		C87E230B1F3AA76B00EA61F2 /* Frameworks */ = {
			isa = PBXFrameworksBuildPhase;
			buildActionMask = 2147483647;
			files = (
			);
			runOnlyForDeploymentPostprocessing = 0;
		};
		C87E23161F3AA76B00EA61F2 /* Frameworks */ = {
			isa = PBXFrameworksBuildPhase;
			buildActionMask = 2147483647;
			files = (
			);
			runOnlyForDeploymentPostprocessing = 0;
		};
/* End PBXFrameworksBuildPhase section */

/* Begin PBXGroup section */
		C87E22F11F3AA76B00EA61F2 = {
			isa = PBXGroup;
			children = (
				C87E22FC1F3AA76B00EA61F2 /* TaxCaculator */,
				C87E23111F3AA76B00EA61F2 /* TaxCaculatorTests */,
				C87E231C1F3AA76B00EA61F2 /* TaxCaculatorUITests */,
				C87E22FB1F3AA76B00EA61F2 /* Products */,
			);
			sourceTree = "<group>";
		};
		C87E22FB1F3AA76B00EA61F2 /* Products */ = {
			isa = PBXGroup;
			children = (
				C87E22FA1F3AA76B00EA61F2 /* TaxCaculator.app */,
				C87E230E1F3AA76B00EA61F2 /* TaxCaculatorTests.xctest */,
				C87E23191F3AA76B00EA61F2 /* TaxCaculatorUITests.xctest */,
			);
			name = Products;
			sourceTree = "<group>";
		};
		C87E22FC1F3AA76B00EA61F2 /* TaxCaculator */ = {
			isa = PBXGroup;
			children = (
				C87E22FD1F3AA76B00EA61F2 /* AppDelegate.swift */,
				C87E22FF1F3AA76B00EA61F2 /* ViewController.swift */,
				C87E23011F3AA76B00EA61F2 /* Main.storyboard */,
				C87E23041F3AA76B00EA61F2 /* Assets.xcassets */,
				C87E23061F3AA76B00EA61F2 /* LaunchScreen.storyboard */,
				C87E23091F3AA76B00EA61F2 /* Info.plist */,
			);
			path = TaxCaculator;
			sourceTree = "<group>";
		};
		C87E23111F3AA76B00EA61F2 /* TaxCaculatorTests */ = {
			isa = PBXGroup;
			children = (
				C87E23121F3AA76B00EA61F2 /* TaxCaculatorTests.swift */,
				C87E23141F3AA76B00EA61F2 /* Info.plist */,
			);
			path = TaxCaculatorTests;
			sourceTree = "<group>";
		};
		C87E231C1F3AA76B00EA61F2 /* TaxCaculatorUITests */ = {
			isa = PBXGroup;
			children = (
				C87E231D1F3AA76B00EA61F2 /* TaxCaculatorUITests.swift */,
				C87E231F1F3AA76B00EA61F2 /* Info.plist */,
			);
			path = TaxCaculatorUITests;
			sourceTree = "<group>";
		};
/* End PBXGroup section */

/* Begin PBXNativeTarget section */
		C87E22F91F3AA76B00EA61F2 /* TaxCaculator */ = {
			isa = PBXNativeTarget;
			buildConfigurationList = C87E23221F3AA76B00EA61F2 /* Build configuration list for PBXNativeTarget "TaxCaculator" */;
			buildPhases = (
				C87E22F61F3AA76B00EA61F2 /* Sources */,
				C87E22F71F3AA76B00EA61F2 /* Frameworks */,
				C87E22F81F3AA76B00EA61F2 /* Resources */,
			);
			buildRules = (
			);
			dependencies = (
			);
			name = TaxCaculator;
			productName = TaxCaculator;
			productReference = C87E22FA1F3AA76B00EA61F2 /* TaxCaculator.app */;
			productType = "com.apple.product-type.application";
		};
		C87E230D1F3AA76B00EA61F2 /* TaxCaculatorTests */ = {
			isa = PBXNativeTarget;
			buildConfigurationList = C87E23251F3AA76B00EA61F2 /* Build configuration list for PBXNativeTarget "TaxCaculatorTests" */;
			buildPhases = (
				C87E230A1F3AA76B00EA61F2 /* Sources */,
				C87E230B1F3AA76B00EA61F2 /* Frameworks */,
				C87E230C1F3AA76B00EA61F2 /* Resources */,
			);
			buildRules = (
			);
			dependencies = (
				C87E23101F3AA76B00EA61F2 /* PBXTargetDependency */,
			);
			name = TaxCaculatorTests;
			productName = TaxCaculatorTests;
			productReference = C87E230E1F3AA76B00EA61F2 /* TaxCaculatorTests.xctest */;
			productType = "com.apple.product-type.bundle.unit-test";
		};
		C87E23181F3AA76B00EA61F2 /* TaxCaculatorUITests */ = {
			isa = PBXNativeTarget;
			buildConfigurationList = C87E23281F3AA76B00EA61F2 /* Build configuration list for PBXNativeTarget "TaxCaculatorUITests" */;
			buildPhases = (
				C87E23151F3AA76B00EA61F2 /* Sources */,
				C87E23161F3AA76B00EA61F2 /* Frameworks */,
				C87E23171F3AA76B00EA61F2 /* Resources */,
			);
			buildRules = (
			);
			dependencies = (
				C87E231B1F3AA76B00EA61F2 /* PBXTargetDependency */,
			);
			name = TaxCaculatorUITests;
			productName = TaxCaculatorUITests;
			productReference = C87E23191F3AA76B00EA61F2 /* TaxCaculatorUITests.xctest */;
			productType = "com.apple.product-type.bundle.ui-testing";
		};
/* End PBXNativeTarget section */

/* Begin PBXProject section */
		C87E22F21F3AA76B00EA61F2 /* Project object */ = {
			isa = PBXProject;
			attributes = {
				LastSwiftUpdateCheck = 0830;
				LastUpgradeCheck = 0830;
				ORGANIZATIONNAME = "Wilson Hsieh";
				TargetAttributes = {
					C87E22F91F3AA76B00EA61F2 = {
						CreatedOnToolsVersion = 8.3.3;
						DevelopmentTeam = V8B6JMHR9P;
						ProvisioningStyle = Automatic;
					};
					C87E230D1F3AA76B00EA61F2 = {
						CreatedOnToolsVersion = 8.3.3;
						DevelopmentTeam = V8B6JMHR9P;
						ProvisioningStyle = Automatic;
						TestTargetID = C87E22F91F3AA76B00EA61F2;
					};
					C87E23181F3AA76B00EA61F2 = {
						CreatedOnToolsVersion = 8.3.3;
						DevelopmentTeam = V8B6JMHR9P;
						ProvisioningStyle = Automatic;
						TestTargetID = C87E22F91F3AA76B00EA61F2;
					};
				};
			};
			buildConfigurationList = C87E22F51F3AA76B00EA61F2 /* Build configuration list for PBXProject "TaxCaculator" */;
			compatibilityVersion = "Xcode 3.2";
			developmentRegion = English;
			hasScannedForEncodings = 0;
			knownRegions = (
				en,
				Base,
			);
			mainGroup = C87E22F11F3AA76B00EA61F2;
			productRefGroup = C87E22FB1F3AA76B00EA61F2 /* Products */;
			projectDirPath = "";
			projectRoot = "";
			targets = (
				C87E22F91F3AA76B00EA61F2 /* TaxCaculator */,
				C87E230D1F3AA76B00EA61F2 /* TaxCaculatorTests */,
				C87E23181F3AA76B00EA61F2 /* TaxCaculatorUITests */,
			);
		};
/* End PBXProject section */

/* Begin PBXResourcesBuildPhase section */
		C87E22F81F3AA76B00EA61F2 /* Resources */ = {
			isa = PBXResourcesBuildPhase;
			buildActionMask = 2147483647;
			files = (
				C87E23081F3AA76B00EA61F2 /* LaunchScreen.storyboard in Resources */,
				C87E23051F3AA76B00EA61F2 /* Assets.xcassets in Resources */,
				C87E23031F3AA76B00EA61F2 /* Main.storyboard in Resources */,
			);
			runOnlyForDeploymentPostprocessing = 0;
		};
		C87E230C1F3AA76B00EA61F2 /* Resources */ = {
			isa = PBXResourcesBuildPhase;
			buildActionMask = 2147483647;
			files = (
			);
			runOnlyForDeploymentPostprocessing = 0;
		};
		C87E23171F3AA76B00EA61F2 /* Resources */ = {
			isa = PBXResourcesBuildPhase;
			buildActionMask = 2147483647;
			files = (
			);
			runOnlyForDeploymentPostprocessing = 0;
		};
/* End PBXResourcesBuildPhase section */

/* Begin PBXSourcesBuildPhase section */
		C87E22F61F3AA76B00EA61F2 /* Sources */ = {
			isa = PBXSourcesBuildPhase;
			buildActionMask = 2147483647;
			files = (
				C87E23001F3AA76B00EA61F2 /* ViewController.swift in Sources */,
				C87E22FE1F3AA76B00EA61F2 /* AppDelegate.swift in Sources */,
			);
			runOnlyForDeploymentPostprocessing = 0;
		};
		C87E230A1F3AA76B00EA61F2 /* Sources */ = {
			isa = PBXSourcesBuildPhase;
			buildActionMask = 2147483647;
			files = (
				C87E23131F3AA76B00EA61F2 /* TaxCaculatorTests.swift in Sources */,
			);
			runOnlyForDeploymentPostprocessing = 0;
		};
		C87E23151F3AA76B00EA61F2 /* Sources */ = {
			isa = PBXSourcesBuildPhase;
			buildActionMask = 2147483647;
			files = (
				C87E231E1F3AA76B00EA61F2 /* TaxCaculatorUITests.swift in Sources */,
			);
			runOnlyForDeploymentPostprocessing = 0;
		};
/* End PBXSourcesBuildPhase section */

/* Begin PBXTargetDependency section */
		C87E23101F3AA76B00EA61F2 /* PBXTargetDependency */ = {
			isa = PBXTargetDependency;
			target = C87E22F91F3AA76B00EA61F2 /* TaxCaculator */;
			targetProxy = C87E230F1F3AA76B00EA61F2 /* PBXContainerItemProxy */;
		};
		C87E231B1F3AA76B00EA61F2 /* PBXTargetDependency */ = {
			isa = PBXTargetDependency;
			target = C87E22F91F3AA76B00EA61F2 /* TaxCaculator */;
			targetProxy = C87E231A1F3AA76B00EA61F2 /* PBXContainerItemProxy */;
		};
/* End PBXTargetDependency section */

/* Begin PBXVariantGroup section */
		C87E23011F3AA76B00EA61F2 /* Main.storyboard */ = {
			isa = PBXVariantGroup;
			children = (
				C87E23021F3AA76B00EA61F2 /* Base */,
			);
			name = Main.storyboard;
			sourceTree = "<group>";
		};
		C87E23061F3AA76B00EA61F2 /* LaunchScreen.storyboard */ = {
			isa = PBXVariantGroup;
			children = (
				C87E23071F3AA76B00EA61F2 /* Base */,
			);
			name = LaunchScreen.storyboard;
			sourceTree = "<group>";
		};
/* End PBXVariantGroup section */

/* Begin XCBuildConfiguration section */
		C87E23201F3AA76B00EA61F2 /* Debug */ = {
			isa = XCBuildConfiguration;
			buildSettings = {
				ALWAYS_SEARCH_USER_PATHS = NO;
				CLANG_ANALYZER_NONNULL = YES;
				CLANG_ANALYZER_NUMBER_OBJECT_CONVERSION = YES_AGGRESSIVE;
				CLANG_CXX_LANGUAGE_STANDARD = "gnu++0x";
				CLANG_CXX_LIBRARY = "libc++";
				CLANG_ENABLE_MODULES = YES;
				CLANG_ENABLE_OBJC_ARC = YES;
				CLANG_WARN_BOOL_CONVERSION = YES;
				CLANG_WARN_CONSTANT_CONVERSION = YES;
				CLANG_WARN_DIRECT_OBJC_ISA_USAGE = YES_ERROR;
				CLANG_WARN_DOCUMENTATION_COMMENTS = YES;
				CLANG_WARN_EMPTY_BODY = YES;
				CLANG_WARN_ENUM_CONVERSION = YES;
				CLANG_WARN_INFINITE_RECURSION = YES;
				CLANG_WARN_INT_CONVERSION = YES;
				CLANG_WARN_OBJC_ROOT_CLASS = YES_ERROR;
				CLANG_WARN_SUSPICIOUS_MOVE = YES;
				CLANG_WARN_UNREACHABLE_CODE = YES;
				CLANG_WARN__DUPLICATE_METHOD_MATCH = YES;
				"CODE_SIGN_IDENTITY[sdk=iphoneos*]" = "iPhone Developer";
				COPY_PHASE_STRIP = NO;
				DEBUG_INFORMATION_FORMAT = dwarf;
				ENABLE_STRICT_OBJC_MSGSEND = YES;
				ENABLE_TESTABILITY = YES;
				GCC_C_LANGUAGE_STANDARD = gnu99;
				GCC_DYNAMIC_NO_PIC = NO;
				GCC_NO_COMMON_BLOCKS = YES;
				GCC_OPTIMIZATION_LEVEL = 0;
				GCC_PREPROCESSOR_DEFINITIONS = (
					"DEBUG=1",
					"$(inherited)",
				);
				GCC_WARN_64_TO_32_BIT_CONVERSION = YES;
				GCC_WARN_ABOUT_RETURN_TYPE = YES_ERROR;
				GCC_WARN_UNDECLARED_SELECTOR = YES;
				GCC_WARN_UNINITIALIZED_AUTOS = YES_AGGRESSIVE;
				GCC_WARN_UNUSED_FUNCTION = YES;
				GCC_WARN_UNUSED_VARIABLE = YES;
				IPHONEOS_DEPLOYMENT_TARGET = 10.3;
				MTL_ENABLE_DEBUG_INFO = YES;
				ONLY_ACTIVE_ARCH = YES;
				SDKROOT = iphoneos;
				SWIFT_ACTIVE_COMPILATION_CONDITIONS = DEBUG;
				SWIFT_OPTIMIZATION_LEVEL = "-Onone";
			};
			name = Debug;
		};
		C87E23211F3AA76B00EA61F2 /* Release */ = {
			isa = XCBuildConfiguration;
			buildSettings = {
				ALWAYS_SEARCH_USER_PATHS = NO;
				CLANG_ANALYZER_NONNULL = YES;
				CLANG_ANALYZER_NUMBER_OBJECT_CONVERSION = YES_AGGRESSIVE;
				CLANG_CXX_LANGUAGE_STANDARD = "gnu++0x";
				CLANG_CXX_LIBRARY = "libc++";
				CLANG_ENABLE_MODULES = YES;
				CLANG_ENABLE_OBJC_ARC = YES;
				CLANG_WARN_BOOL_CONVERSION = YES;
				CLANG_WARN_CONSTANT_CONVERSION = YES;
				CLANG_WARN_DIRECT_OBJC_ISA_USAGE = YES_ERROR;
				CLANG_WARN_DOCUMENTATION_COMMENTS = YES;
				CLANG_WARN_EMPTY_BODY = YES;
				CLANG_WARN_ENUM_CONVERSION = YES;
				CLANG_WARN_INFINITE_RECURSION = YES;
				CLANG_WARN_INT_CONVERSION = YES;
				CLANG_WARN_OBJC_ROOT_CLASS = YES_ERROR;
				CLANG_WARN_SUSPICIOUS_MOVE = YES;
				CLANG_WARN_UNREACHABLE_CODE = YES;
				CLANG_WARN__DUPLICATE_METHOD_MATCH = YES;
				"CODE_SIGN_IDENTITY[sdk=iphoneos*]" = "iPhone Developer";
				COPY_PHASE_STRIP = NO;
				DEBUG_INFORMATION_FORMAT = "dwarf-with-dsym";
				ENABLE_NS_ASSERTIONS = NO;
				ENABLE_STRICT_OBJC_MSGSEND = YES;
				GCC_C_LANGUAGE_STANDARD = gnu99;
				GCC_NO_COMMON_BLOCKS = YES;
				GCC_WARN_64_TO_32_BIT_CONVERSION = YES;
				GCC_WARN_ABOUT_RETURN_TYPE = YES_ERROR;
				GCC_WARN_UNDECLARED_SELECTOR = YES;
				GCC_WARN_UNINITIALIZED_AUTOS = YES_AGGRESSIVE;
				GCC_WARN_UNUSED_FUNCTION = YES;
				GCC_WARN_UNUSED_VARIABLE = YES;
				IPHONEOS_DEPLOYMENT_TARGET = 10.3;
				MTL_ENABLE_DEBUG_INFO = NO;
				SDKROOT = iphoneos;
				SWIFT_OPTIMIZATION_LEVEL = "-Owholemodule";
				VALIDATE_PRODUCT = YES;
			};
			name = Release;
		};
		C87E23231F3AA76B00EA61F2 /* Debug */ = {
			isa = XCBuildConfiguration;
			buildSettings = {
				ASSETCATALOG_COMPILER_APPICON_NAME = AppIcon;
				DEVELOPMENT_TEAM = V8B6JMHR9P;
				INFOPLIST_FILE = TaxCaculator/Info.plist;
				LD_RUNPATH_SEARCH_PATHS = "$(inherited) @executable_path/Frameworks";
				PRODUCT_BUNDLE_IDENTIFIER = com.Wilson.TaxCaculator;
				PRODUCT_NAME = "$(TARGET_NAME)";
				SWIFT_VERSION = 3.0;
			};
			name = Debug;
		};
		C87E23241F3AA76B00EA61F2 /* Release */ = {
			isa = XCBuildConfiguration;
			buildSettings = {
				ASSETCATALOG_COMPILER_APPICON_NAME = AppIcon;
				DEVELOPMENT_TEAM = V8B6JMHR9P;
				INFOPLIST_FILE = TaxCaculator/Info.plist;
				LD_RUNPATH_SEARCH_PATHS = "$(inherited) @executable_path/Frameworks";
				PRODUCT_BUNDLE_IDENTIFIER = com.Wilson.TaxCaculator;
				PRODUCT_NAME = "$(TARGET_NAME)";
				SWIFT_VERSION = 3.0;
			};
			name = Release;
		};
		C87E23261F3AA76B00EA61F2 /* Debug */ = {
			isa = XCBuildConfiguration;
			buildSettings = {
				ALWAYS_EMBED_SWIFT_STANDARD_LIBRARIES = YES;
				BUNDLE_LOADER = "$(TEST_HOST)";
				DEVELOPMENT_TEAM = V8B6JMHR9P;
				INFOPLIST_FILE = TaxCaculatorTests/Info.plist;
				LD_RUNPATH_SEARCH_PATHS = "$(inherited) @executable_path/Frameworks @loader_path/Frameworks";
				PRODUCT_BUNDLE_IDENTIFIER = com.Wilson.TaxCaculatorTests;
				PRODUCT_NAME = "$(TARGET_NAME)";
				SWIFT_VERSION = 3.0;
				TEST_HOST = "$(BUILT_PRODUCTS_DIR)/TaxCaculator.app/TaxCaculator";
			};
			name = Debug;
		};
		C87E23271F3AA76B00EA61F2 /* Release */ = {
			isa = XCBuildConfiguration;
			buildSettings = {
				ALWAYS_EMBED_SWIFT_STANDARD_LIBRARIES = YES;
				BUNDLE_LOADER = "$(TEST_HOST)";
				DEVELOPMENT_TEAM = V8B6JMHR9P;
				INFOPLIST_FILE = TaxCaculatorTests/Info.plist;
				LD_RUNPATH_SEARCH_PATHS = "$(inherited) @executable_path/Frameworks @loader_path/Frameworks";
				PRODUCT_BUNDLE_IDENTIFIER = com.Wilson.TaxCaculatorTests;
				PRODUCT_NAME = "$(TARGET_NAME)";
				SWIFT_VERSION = 3.0;
				TEST_HOST = "$(BUILT_PRODUCTS_DIR)/TaxCaculator.app/TaxCaculator";
			};
			name = Release;
		};
		C87E23291F3AA76B00EA61F2 /* Debug */ = {
			isa = XCBuildConfiguration;
			buildSettings = {
				ALWAYS_EMBED_SWIFT_STANDARD_LIBRARIES = YES;
				DEVELOPMENT_TEAM = V8B6JMHR9P;
				INFOPLIST_FILE = TaxCaculatorUITests/Info.plist;
				LD_RUNPATH_SEARCH_PATHS = "$(inherited) @executable_path/Frameworks @loader_path/Frameworks";
				PRODUCT_BUNDLE_IDENTIFIER = com.Wilson.TaxCaculatorUITests;
				PRODUCT_NAME = "$(TARGET_NAME)";
				SWIFT_VERSION = 3.0;
				TEST_TARGET_NAME = TaxCaculator;
			};
			name = Debug;
		};
		C87E232A1F3AA76B00EA61F2 /* Release */ = {
			isa = XCBuildConfiguration;
			buildSettings = {
				ALWAYS_EMBED_SWIFT_STANDARD_LIBRARIES = YES;
				DEVELOPMENT_TEAM = V8B6JMHR9P;
				INFOPLIST_FILE = TaxCaculatorUITests/Info.plist;
				LD_RUNPATH_SEARCH_PATHS = "$(inherited) @executable_path/Frameworks @loader_path/Frameworks";
				PRODUCT_BUNDLE_IDENTIFIER = com.Wilson.TaxCaculatorUITests;
				PRODUCT_NAME = "$(TARGET_NAME)";
				SWIFT_VERSION = 3.0;
				TEST_TARGET_NAME = TaxCaculator;
			};
			name = Release;
		};
/* End XCBuildConfiguration section */

/* Begin XCConfigurationList section */
		C87E22F51F3AA76B00EA61F2 /* Build configuration list for PBXProject "TaxCaculator" */ = {
			isa = XCConfigurationList;
			buildConfigurations = (
				C87E23201F3AA76B00EA61F2 /* Debug */,
				C87E23211F3AA76B00EA61F2 /* Release */,
			);
			defaultConfigurationIsVisible = 0;
			defaultConfigurationName = Release;
		};
		C87E23221F3AA76B00EA61F2 /* Build configuration list for PBXNativeTarget "TaxCaculator" */ = {
			isa = XCConfigurationList;
			buildConfigurations = (
				C87E23231F3AA76B00EA61F2 /* Debug */,
				C87E23241F3AA76B00EA61F2 /* Release */,
			);
			defaultConfigurationIsVisible = 0;
		};
		C87E23251F3AA76B00EA61F2 /* Build configuration list for PBXNativeTarget "TaxCaculatorTests" */ = {
			isa = XCConfigurationList;
			buildConfigurations = (
				C87E23261F3AA76B00EA61F2 /* Debug */,
				C87E23271F3AA76B00EA61F2 /* Release */,
			);
			defaultConfigurationIsVisible = 0;
		};
		C87E23281F3AA76B00EA61F2 /* Build configuration list for PBXNativeTarget "TaxCaculatorUITests" */ = {
			isa = XCConfigurationList;
			buildConfigurations = (
				C87E23291F3AA76B00EA61F2 /* Debug */,
				C87E232A1F3AA76B00EA61F2 /* Release */,
			);
			defaultConfigurationIsVisible = 0;
		};
/* End XCConfigurationList section */
	};
	rootObject = C87E22F21F3AA76B00EA61F2 /* Project object */;
}
